PODS:
  - CocoaLumberjack (3.8.0):
    - CocoaLumberjack/Core (= 3.8.0)
  - CocoaLumberjack/Core (3.8.0)
  - GRDB.swift (6.4.0):
    - GRDB.swift/standard (= 6.4.0)
  - GRDB.swift/standard (6.4.0)
  - Nimble (11.2.1)
  - Quick (6.1.0)

DEPENDENCIES:
  - CocoaLumberjack
  - GRDB.swift (= 6.4.0)
  - Nimble
  - Quick

SPEC REPOS:
  trunk:
    - CocoaLumberjack
    - GRDB.swift
    - Nimble
    - Quick

SPEC CHECKSUMS:
  CocoaLumberjack: 78abfb691154e2a9df8ded4350d504ee19d90732
  GRDB.swift: b8df1912b327326c92822eee84af26fb22cd2b18
  Nimble: 516ac503a0fafaa8e41dbb4a70a61be421fa893a
  Quick: 6676ffb409bf04abba2ff23902af2407bfc6ac90

PODFILE CHECKSUM: 0296a2a98ae4a9c5cefaa6b4f090ee0f2494404b

COCOAPODS: 1.11.3
