PODS:
  - Nimble (7.1.1)
  - Quick (1.3.0)
  - SQLite.swift/standalone (0.11.5):
    - sqlite3
  - sqlite3 (3.23.1):
    - sqlite3/common (= 3.23.1)
  - sqlite3/common (3.23.1)

DEPENDENCIES:
  - Nimble
  - Quick
  - SQLite.swift/standalone

SPEC REPOS:
  https://github.com/CocoaPods/Specs.git:
    - Nimble
    - Quick
    - SQLite.swift
    - sqlite3

SPEC CHECKSUMS:
  Nimble: 391f07782af4b37914f9bd7b2ffbb952731b8202
  Quick: 03278013f71aa05fe9ecabc94fbcc6835f1ee76f
  SQLite.swift: 6e5356850bb1791459f8c16d6ee9195b28714a2e
  sqlite3: 2b886f1be62fce4f211ea7df03a72a3b6932a78b

PODFILE CHECKSUM: f2b78cbd6734e54841f3945e27febd07deb51294

COCOAPODS: 1.5.0
